{
  "pins" : [
    {
      "identity" : "swift-tools-support-core",
      "kind" : "remoteSourceControl",
      "location" : "https://github.com/apple/swift-tools-support-core.git",
      "state" : {
        "revision" : "3b6b97d612b56e25d80d0807f5bc38ea08b7bdf3",
        "version" : "0.2.3"
      }
    },
    {
      "identity" : "xcparse",
      "kind" : "remoteSourceControl",
      "location" : "https://github.com/ChargePoint/xcparse",
      "state" : {
        "revision" : "61eca4cbf823b2cde444287477b7fcefdc9a116a",
        "version" : "2.2.1"
      }
    }
  ],
  "version" : 2
}
